{
  "name": "iot-project",
  "version": "1.0.0",
  "lockfileVersion": 2,
  "requires": true,
  "packages": {
    "": {
      "name": "iot-project",
      "version": "1.0.0",
      "license": "ISC",
      "dependencies": {
        "firebase": "^11.1.0"
      }
    },
    "node_modules/@firebase/app": {
      "version": "0.7.0",
      "resolved": "https://registry.npmjs.org/@firebase/app/-/app-0.7.0.tgz",
      "integrity": "sha512-+5+5+5+5+5+5+5+5+5+5+5+5+5+5+5+5+5+5+5+5+5+5+5+5+5+5+5+5+5+5+5+5+5+5+5+5+5+5+5+5+5+5+5+5+5+5+5+5+5+5+5+5+5+5+5+5+5+5+5+5+5+5+5+5+5+5+5+5+5+5+5+5+5+5+5+5+5+5+5+5+5+5+5+5+5+5+5+5+5+5+5+5+5+5+5+5+5+5+5+5+5+5+5+5+5+5+5+5+5+5+5+5+5+5+5+5+5+5+5+5+5+5+5+5+5+5+5+5+5+5+5+5+5+5+5+5+5+5+5+5+5+5+5+5+5+5+5+5+5+5+5+5+5+5+5+5+5+5+5+5+5+5+5+5+5+5+5+5+5+5+5+5+5+5+5+5+5+5+5+5+5+5+5+5+5+5+5+5+5+5+5+5+5+5+5+5+5+5+5+5+5+5+5+5+5+5+5+5+5+5+5+5+5+5+5+5+5+5+5+5+5+5+5+5+5+5+5+5+5+5+5+5+5+5+5+5+5+5+5+5+5+5+5+5+5+5+5+5+5+5+5+5+5+5+5+5+5+5+5+5+5+5+5+5+5+5+5+5+5+5+5+5+5+5+5+5+5+5+5+5+5+5+5+5+5+5+5+5+5+5+5+5+5+5+5+5+5+5+5+5+5+5+5+5+5+5+5+5+5+5+5+5+5+5+5+5+5+5+5+5+5+5+5+5+5+5+5+5+5+5+5+5+5+5+5+5+5+5+5+5+5+5+5+5+5+5+5+5+5+5+5+5+5+5+5+5+5+5+5+5+5+5+5+5+5+5+5+5+5+5+5+5+5+5+5+5+5+5+5+5+5+5+5+5+5+5+5+5+5+5+5+5+5+5+5+5+5+5+5+5+5+5+5+5+5+5+5+5+5+5+5+5+5+5+5+5+5+5+5+5+5+5+5+5+5+5+5+5+5+5+5+5+5+5+5+5+5+5+5+5+5+5+5+5+5+5+5+5+5+5+5+5+5+5+5+5+5+5+5+5+5+5+5+5+5+5+5+5+5+5+5+5+5+5+5+5+5+5+5+5+5+5+5+5+5+5+5+5+5+5+5+5+5+5+5+5+5+5+5+5+5+5+5+5+5+5+5+5+5+5+5+5+5+5+5+5+5+5+5+5+5+5+5+5+5+5+5+5+5+5+5+5+5+5+5+5+5+5+5+5+5+5+5+5+5+5+5+5+5+5+5+5+5+5+5+5+5+5+5+5+5+5+5+5+5+5+5+5+5+5+5+5+5+5+5+5+5+5+5+5+5+5+5+5+5+5+5+5+5+5+5+5+5+5+5+5+5+5+5
